<?xml version="1.0" encoding="utf-8"?>
<Project ToolsVersion="4.0" xmlns="http://schemas.microsoft.com/developer/msbuild/2003">
  <ItemGroup>
    <Filter Include="ソース ファイル">
      <UniqueIdentifier>{4FC737F1-C7A5-4376-A066-2A32D752A2FF}</UniqueIdentifier>
      <Extensions>cpp;c;cc;cxx;def;odl;idl;hpj;bat;asm;asmx</Extensions>
    </Filter>
    <Filter Include="ヘッダー ファイル">
      <UniqueIdentifier>{93995380-89BD-4b04-88EB-625FBE52EBFB}</UniqueIdentifier>
      <Extensions>h;hh;hpp;hxx;hm;inl;inc;ipp;xsd</Extensions>
    </Filter>
    <Filter Include="リソース ファイル">
      <UniqueIdentifier>{67DA6AB6-F800-4c08-8B7A-83BB121AAD01}</UniqueIdentifier>
      <Extensions>rc;ico;cur;bmp;dlg;rc2;rct;bin;rgs;gif;jpg;jpeg;jpe;resx;tiff;tif;png;wav;mfcribbon-ms</Extensions>
    </Filter>
    <Filter Include="ソース ファイル\Scene">
      <UniqueIdentifier>{e8de57c4-c9ce-4f65-a589-80988096fbdd}</UniqueIdentifier>
    </Filter>
    <Filter Include="ソース ファイル\MainScene">
      <UniqueIdentifier>{83422936-319b-4532-8063-ff7f98825515}</UniqueIdentifier>
    </Filter>
    <Filter Include="ソース ファイル\MainScene\Object">
      <UniqueIdentifier>{7e7d2c6d-acfb-42c0-8d84-c51bfae30724}</UniqueIdentifier>
    </Filter>
    <Filter Include="ソース ファイル\MainScene\BackGround">
      <UniqueIdentifier>{e5eb47c3-c5ef-409e-a56b-cce0f0d914cc}</UniqueIdentifier>
    </Filter>
  </ItemGroup>
  <ItemGroup>
    <ClInclude Include="source\sub.hpp">
      <Filter>ソース ファイル</Filter>
    </ClInclude>
    <ClInclude Include="source\Enums.hpp">
      <Filter>ソース ファイル</Filter>
    </ClInclude>
    <ClInclude Include="source\Header.hpp">
      <Filter>ソース ファイル</Filter>
    </ClInclude>
    <ClInclude Include="source\Scene\TitleScene.hpp">
      <Filter>ソース ファイル\Scene</Filter>
    </ClInclude>
    <ClInclude Include="source\Scene\CustomScene.hpp">
      <Filter>ソース ファイル\Scene</Filter>
    </ClInclude>
    <ClInclude Include="source\MainScene\Object\MovieObj.hpp">
      <Filter>ソース ファイル\MainScene\Object</Filter>
    </ClInclude>
    <ClInclude Include="source\MainScene\BackGround\BackGround.hpp">
      <Filter>ソース ファイル\MainScene\BackGround</Filter>
    </ClInclude>
    <ClInclude Include="source\MainScene\Object\CharacterEnum.hpp">
      <Filter>ソース ファイル\MainScene\Object</Filter>
    </ClInclude>
  </ItemGroup>
  <ItemGroup>
    <ClCompile Include="source\main.cpp">
      <Filter>ソース ファイル</Filter>
    </ClCompile>
    <ClCompile Include="source\Scene\TitleScene.cpp">
      <Filter>ソース ファイル\Scene</Filter>
    </ClCompile>
    <ClCompile Include="source\sub.cpp">
      <Filter>ソース ファイル</Filter>
    </ClCompile>
    <ClCompile Include="source\Scene\CustomScene.cpp">
      <Filter>ソース ファイル\Scene</Filter>
    </ClCompile>
    <ClCompile Include="source\MainScene\Object\MovieObj.cpp">
      <Filter>ソース ファイル\MainScene\Object</Filter>
    </ClCompile>
    <ClCompile Include="source\MainScene\BackGround\BackGround.cpp">
      <Filter>ソース ファイル\MainScene\BackGround</Filter>
    </ClCompile>
  </ItemGroup>
</Project>